# This file is automatically @generated by Cargo.
# It is not intended for manual editing.
version = 3

[[package]]
name = "sql"
version = "0.1.0"
source = "git+https://github.com/shipsimfan/lib-sql#82443b63a08c13e625214845f855fa9c004e8a73"

[[package]]
name = "sql-migrations"
version = "0.1.0"
dependencies = [
 "sql",
]
