# This file is automatically @generated by Cargo.
# It is not intended for manual editing.
version = 4

[[package]]
name = "argparse"
version = "0.4.0"
source = "git+https://github.com/shipsimfan/lib-argparse#6627d35e57da9697783fc49cf1dd51184be8d9a6"
dependencies = [
 "macros",
]

[[package]]
name = "linux"
version = "0.1.0"
source = "git+https://github.com/shipsimfan/lib-linux#41820e2ee319f0a5ee87d00b87b9f44b6fb82a34"

[[package]]
name = "macros"
version = "0.4.0"
source = "git+https://github.com/shipsimfan/lib-argparse#6627d35e57da9697783fc49cf1dd51184be8d9a6"
dependencies = [
 "proc-macro-util",
]

[[package]]
name = "migrate"
version = "0.1.0"
dependencies = [
 "argparse",
 "sql-migrations",
 "sqlite",
 "time",
]

[[package]]
name = "proc-macro-util"
version = "0.1.0"
source = "git+https://github.com/shipsimfan/lib-proc-macro-util#8b8f883f16acea3451622ce81597c93ac62ad722"
dependencies = [
 "proc-macro-util-base",
 "proc-macro-util-macros",
]

[[package]]
name = "proc-macro-util-base"
version = "0.1.0"
source = "git+https://github.com/shipsimfan/lib-proc-macro-util#8b8f883f16acea3451622ce81597c93ac62ad722"

[[package]]
name = "proc-macro-util-macros"
version = "0.1.0"
source = "git+https://github.com/shipsimfan/lib-proc-macro-util#8b8f883f16acea3451622ce81597c93ac62ad722"
dependencies = [
 "proc-macro-util-base",
]

[[package]]
name = "sql"
version = "0.1.0"
source = "git+https://github.com/shipsimfan/lib-sql#105b1dbac13720b73a5b1d5af5d12bd73905e395"

[[package]]
name = "sql-migrations"
version = "0.1.0"
dependencies = [
 "sql",
]

[[package]]
name = "sqlite"
version = "0.1.0"
source = "git+https://github.com/shipsimfan/lib-sql#105b1dbac13720b73a5b1d5af5d12bd73905e395"
dependencies = [
 "sql",
 "sqlite3",
]

[[package]]
name = "sqlite3"
version = "0.1.0"
source = "git+https://github.com/shipsimfan/lib-sqlite3#4a06745235483384766b7128dad7892c83ee141d"

[[package]]
name = "time"
version = "0.0.0"
source = "git+https://github.com/shipsimfan/lib-time#f3ff0d1007a9a3e385a549e1c038e4c62ac06304"
dependencies = [
 "linux",
 "win32",
]

[[package]]
name = "win32"
version = "0.1.0"
source = "git+https://github.com/shipsimfan/lib-win32#aa12ec96d393e5bda883c88f5fbbba3abcf78945"
