# This file is automatically @generated by Cargo.
# It is not intended for manual editing.
version = 3

[[package]]
name = "sql"
version = "0.1.0"
source = "git+https://github.com/shipsimfan/lib-sql#c968ad1f0e8c28f81f9765e42209d07da647fa22"

[[package]]
name = "sql-migrations"
version = "0.1.0"
dependencies = [
 "sql",
]
